
Microsoft Visual Studio Solution File, Format Version 12.00
# Visual Studio 2013
VisualStudioVersion = 12.0.30501.0
MinimumVisualStudioVersion = 10.0.40219.1
Project("{FAE04EC0-301F-11D3-BF4B-00C04F79EFBC}") = "QIC.Sport.State.Collector", "QIC.Sport.State.Collector\QIC.Sport.State.Collector.csproj", "{660A44F3-A9A6-41CD-A3C8-305A30A3CD03}"
EndProject
Project("{FAE04EC0-301F-11D3-BF4B-00C04F79EFBC}") = "QIC.Sport.State.Collector.BR", "QIC.Sport.State.Collector.BR\QIC.Sport.State.Collector.BR.csproj", "{E0F7D558-C865-46CE-B3DE-8AFFE1B4D045}"
EndProject
Global
	GlobalSection(SolutionConfigurationPlatforms) = preSolution
		Debug|Any CPU = Debug|Any CPU
		Release|Any CPU = Release|Any CPU
	EndGlobalSection
	GlobalSection(ProjectConfigurationPlatforms) = postSolution
		{660A44F3-A9A6-41CD-A3C8-305A30A3CD03}.Debug|Any CPU.ActiveCfg = Debug|Any CPU
		{660A44F3-A9A6-41CD-A3C8-305A30A3CD03}.Debug|Any CPU.Build.0 = Debug|Any CPU
		{660A44F3-A9A6-41CD-A3C8-305A30A3CD03}.Release|Any CPU.ActiveCfg = Release|Any CPU
		{660A44F3-A9A6-41CD-A3C8-305A30A3CD03}.Release|Any CPU.Build.0 = Release|Any CPU
		{E0F7D558-C865-46CE-B3DE-8AFFE1B4D045}.Debug|Any CPU.ActiveCfg = Debug|Any CPU
		{E0F7D558-C865-46CE-B3DE-8AFFE1B4D045}.Debug|Any CPU.Build.0 = Debug|Any CPU
		{E0F7D558-C865-46CE-B3DE-8AFFE1B4D045}.Release|Any CPU.ActiveCfg = Release|Any CPU
		{E0F7D558-C865-46CE-B3DE-8AFFE1B4D045}.Release|Any CPU.Build.0 = Release|Any CPU
	EndGlobalSection
	GlobalSection(SolutionProperties) = preSolution
		HideSolutionNode = FALSE
	EndGlobalSection
EndGlobal
