
Microsoft Visual Studio Solution File, Format Version 12.00
# Visual Studio 2013
VisualStudioVersion = 12.0.30501.0
MinimumVisualStudioVersion = 10.0.40219.1
Project("{FAE04EC0-301F-11D3-BF4B-00C04F79EFBC}") = "QIC.Sport.Stats.Collector.Common", "QIC.Sport.Stats.Collector.Common\QIC.Sport.Stats.Collector.Common.csproj", "{540F8554-8C7C-4D64-AA60-8DC326DB4321}"
EndProject
Project("{FAE04EC0-301F-11D3-BF4B-00C04F79EFBC}") = "QIC.Sport.Stats.Collector.ITakerReptile", "QIC.Sport.Stats.Collector.ITakerReptile\QIC.Sport.Stats.Collector.ITakerReptile.csproj", "{3E2268FA-8D23-4FF5-9C7F-229908FA9654}"
EndProject
Project("{FAE04EC0-301F-11D3-BF4B-00C04F79EFBC}") = "QIC.Sport.Stats.Collector.BetRadar", "QIC.Sport.Stats.Collector.BetRadar\QIC.Sport.Stats.Collector.BetRadar.csproj", "{37960CAF-F8D7-488B-8273-5EB755B54852}"
EndProject
Project("{FAE04EC0-301F-11D3-BF4B-00C04F79EFBC}") = "QIC.Sport.Stats.Collector.Cache", "QIC.Sport.Stats.Collector.Cache\QIC.Sport.Stats.Collector.Cache.csproj", "{45ADC638-BE45-4699-ADFC-78C3E020D07A}"
EndProject
Project("{FAE04EC0-301F-11D3-BF4B-00C04F79EFBC}") = "QIC.Sport.Stats.Collector.Client", "QIC.Sport.Stats.Collector.Client\QIC.Sport.Stats.Collector.Client.csproj", "{6699B8D8-537C-4611-9645-607532B151B8}"
EndProject
Project("{FAE04EC0-301F-11D3-BF4B-00C04F79EFBC}") = "QIC.Sport.Stats.Collector.Test", "QIC.Sport.Stats.Collector.Test\QIC.Sport.Stats.Collector.Test.csproj", "{D3DCEEBD-F83D-45EF-9A54-8B1BFD715A09}"
EndProject
Global
	GlobalSection(SolutionConfigurationPlatforms) = preSolution
		Debug|Any CPU = Debug|Any CPU
		Release|Any CPU = Release|Any CPU
	EndGlobalSection
	GlobalSection(ProjectConfigurationPlatforms) = postSolution
		{540F8554-8C7C-4D64-AA60-8DC326DB4321}.Debug|Any CPU.ActiveCfg = Debug|Any CPU
		{540F8554-8C7C-4D64-AA60-8DC326DB4321}.Debug|Any CPU.Build.0 = Debug|Any CPU
		{540F8554-8C7C-4D64-AA60-8DC326DB4321}.Release|Any CPU.ActiveCfg = Release|Any CPU
		{540F8554-8C7C-4D64-AA60-8DC326DB4321}.Release|Any CPU.Build.0 = Release|Any CPU
		{3E2268FA-8D23-4FF5-9C7F-229908FA9654}.Debug|Any CPU.ActiveCfg = Debug|Any CPU
		{3E2268FA-8D23-4FF5-9C7F-229908FA9654}.Debug|Any CPU.Build.0 = Debug|Any CPU
		{3E2268FA-8D23-4FF5-9C7F-229908FA9654}.Release|Any CPU.ActiveCfg = Release|Any CPU
		{3E2268FA-8D23-4FF5-9C7F-229908FA9654}.Release|Any CPU.Build.0 = Release|Any CPU
		{37960CAF-F8D7-488B-8273-5EB755B54852}.Debug|Any CPU.ActiveCfg = Debug|Any CPU
		{37960CAF-F8D7-488B-8273-5EB755B54852}.Debug|Any CPU.Build.0 = Debug|Any CPU
		{37960CAF-F8D7-488B-8273-5EB755B54852}.Release|Any CPU.ActiveCfg = Release|Any CPU
		{37960CAF-F8D7-488B-8273-5EB755B54852}.Release|Any CPU.Build.0 = Release|Any CPU
		{45ADC638-BE45-4699-ADFC-78C3E020D07A}.Debug|Any CPU.ActiveCfg = Debug|Any CPU
		{45ADC638-BE45-4699-ADFC-78C3E020D07A}.Debug|Any CPU.Build.0 = Debug|Any CPU
		{45ADC638-BE45-4699-ADFC-78C3E020D07A}.Release|Any CPU.ActiveCfg = Release|Any CPU
		{45ADC638-BE45-4699-ADFC-78C3E020D07A}.Release|Any CPU.Build.0 = Release|Any CPU
		{6699B8D8-537C-4611-9645-607532B151B8}.Debug|Any CPU.ActiveCfg = Debug|Any CPU
		{6699B8D8-537C-4611-9645-607532B151B8}.Debug|Any CPU.Build.0 = Debug|Any CPU
		{6699B8D8-537C-4611-9645-607532B151B8}.Release|Any CPU.ActiveCfg = Release|Any CPU
		{6699B8D8-537C-4611-9645-607532B151B8}.Release|Any CPU.Build.0 = Release|Any CPU
		{D3DCEEBD-F83D-45EF-9A54-8B1BFD715A09}.Debug|Any CPU.ActiveCfg = Debug|Any CPU
		{D3DCEEBD-F83D-45EF-9A54-8B1BFD715A09}.Debug|Any CPU.Build.0 = Debug|Any CPU
		{D3DCEEBD-F83D-45EF-9A54-8B1BFD715A09}.Release|Any CPU.ActiveCfg = Release|Any CPU
		{D3DCEEBD-F83D-45EF-9A54-8B1BFD715A09}.Release|Any CPU.Build.0 = Release|Any CPU
	EndGlobalSection
	GlobalSection(SolutionProperties) = preSolution
		HideSolutionNode = FALSE
	EndGlobalSection
EndGlobal
